PODS:
  - CDDPagerController (1.1.4)

DEPENDENCIES:
  - CDDPagerController (~> 1.1.4)

SPEC REPOS:
  https://github.com/CocoaPods/Specs.git:
    - CDDPagerController

SPEC CHECKSUMS:
  CDDPagerController: 252632078b543e57ca3c052bf1f25759b6c862a6

PODFILE CHECKSUM: 1eb207f493ca17fe423a454cfee7a08c66a49f10

COCOAPODS: 1.5.0
